
Microsoft Visual Studio Solution File, Format Version 12.00
# Visual Studio Version 16
VisualStudioVersion = 16.0.29418.71
MinimumVisualStudioVersion = 10.0.40219.1
Project("{FAE04EC0-301F-11D3-BF4B-00C04F79EFBC}") = "WhoWantsWhat", "WhoWantsWhat\WhoWantsWhat.csproj", "{12844B0C-CE72-451F-8679-4A63A6A8EFE7}"
EndProject
Global
	GlobalSection(SolutionConfigurationPlatforms) = preSolution
		Debug|Any CPU = Debug|Any CPU
		Release|Any CPU = Release|Any CPU
	EndGlobalSection
	GlobalSection(ProjectConfigurationPlatforms) = postSolution
		{12844B0C-CE72-451F-8679-4A63A6A8EFE7}.Debug|Any CPU.ActiveCfg = Debug|Any CPU
		{12844B0C-CE72-451F-8679-4A63A6A8EFE7}.Debug|Any CPU.Build.0 = Debug|Any CPU
		{12844B0C-CE72-451F-8679-4A63A6A8EFE7}.Release|Any CPU.ActiveCfg = Release|Any CPU
		{12844B0C-CE72-451F-8679-4A63A6A8EFE7}.Release|Any CPU.Build.0 = Release|Any CPU
	EndGlobalSection
	GlobalSection(SolutionProperties) = preSolution
		HideSolutionNode = FALSE
	EndGlobalSection
	GlobalSection(ExtensibilityGlobals) = postSolution
		SolutionGuid = {8264F8ED-B8DC-40F4-9B0C-C9925207922B}
	EndGlobalSection
EndGlobal
